
Microsoft Visual Studio Solution File, Format Version 12.00
# Visual Studio Version 17
VisualStudioVersion = 17.5.33414.496
MinimumVisualStudioVersion = 10.0.40219.1
Project("{FAE04EC0-301F-11D3-BF4B-00C04F79EFBC}") = "StudyCaseNo2", "StudyCaseNo2\StudyCaseNo2.csproj", "{4EADF48B-F029-4986-BD50-A8E59A8897AA}"
EndProject
Global
	GlobalSection(SolutionConfigurationPlatforms) = preSolution
		Debug|Any CPU = Debug|Any CPU
		Release|Any CPU = Release|Any CPU
	EndGlobalSection
	GlobalSection(ProjectConfigurationPlatforms) = postSolution
		{4EADF48B-F029-4986-BD50-A8E59A8897AA}.Debug|Any CPU.ActiveCfg = Debug|Any CPU
		{4EADF48B-F029-4986-BD50-A8E59A8897AA}.Debug|Any CPU.Build.0 = Debug|Any CPU
		{4EADF48B-F029-4986-BD50-A8E59A8897AA}.Release|Any CPU.ActiveCfg = Release|Any CPU
		{4EADF48B-F029-4986-BD50-A8E59A8897AA}.Release|Any CPU.Build.0 = Release|Any CPU
	EndGlobalSection
	GlobalSection(SolutionProperties) = preSolution
		HideSolutionNode = FALSE
	EndGlobalSection
	GlobalSection(ExtensibilityGlobals) = postSolution
		SolutionGuid = {D8DBF30F-7B01-49B1-8EC0-6B52F1677A67}
	EndGlobalSection
EndGlobal
