
Microsoft Visual Studio Solution File, Format Version 12.00
# Visual Studio Version 17
VisualStudioVersion = 17.5.33414.496
MinimumVisualStudioVersion = 10.0.40219.1
Project("{FAE04EC0-301F-11D3-BF4B-00C04F79EFBC}") = "StudyCaseNo1", "StudyCaseNo1\StudyCaseNo1.csproj", "{011F9533-3FE8-4EEE-B05C-4D6B626587F6}"
EndProject
Global
	GlobalSection(SolutionConfigurationPlatforms) = preSolution
		Debug|Any CPU = Debug|Any CPU
		Release|Any CPU = Release|Any CPU
	EndGlobalSection
	GlobalSection(ProjectConfigurationPlatforms) = postSolution
		{011F9533-3FE8-4EEE-B05C-4D6B626587F6}.Debug|Any CPU.ActiveCfg = Debug|Any CPU
		{011F9533-3FE8-4EEE-B05C-4D6B626587F6}.Debug|Any CPU.Build.0 = Debug|Any CPU
		{011F9533-3FE8-4EEE-B05C-4D6B626587F6}.Release|Any CPU.ActiveCfg = Release|Any CPU
		{011F9533-3FE8-4EEE-B05C-4D6B626587F6}.Release|Any CPU.Build.0 = Release|Any CPU
	EndGlobalSection
	GlobalSection(SolutionProperties) = preSolution
		HideSolutionNode = FALSE
	EndGlobalSection
	GlobalSection(ExtensibilityGlobals) = postSolution
		SolutionGuid = {056FE4E3-A0DC-4591-8EB2-870AE9DBF6B4}
	EndGlobalSection
EndGlobal
